PODS:
  - Flutter (1.0.0)
  - paytm (0.0.1):
    - Flutter

DEPENDENCIES:
  - Flutter (from `Flutter`)
  - paytm (from `.symlinks/plugins/paytm/ios`)

EXTERNAL SOURCES:
  Flutter:
    :path: Flutter
  paytm:
    :path: ".symlinks/plugins/paytm/ios"

SPEC CHECKSUMS:
  Flutter: 0e3d915762c693b495b44d77113d4970485de6ec
  paytm: 776e5d03fbe319a3c5ace1ffacd4718946c440a3

PODFILE CHECKSUM: 7c184141fd393b97350872521a2ec483dbc47cd4

COCOAPODS: 1.10.0
