PODS:
  - Flutter (1.0.0)
  - paytm (0.0.1):
    - Flutter

DEPENDENCIES:
  - Flutter (from `Flutter`)
  - paytm (from `.symlinks/plugins/paytm/ios`)

EXTERNAL SOURCES:
  Flutter:
    :path: Flutter
  paytm:
    :path: ".symlinks/plugins/paytm/ios"

SPEC CHECKSUMS:
  Flutter: 50d75fe2f02b26cc09d224853bb45737f8b3214a
  paytm: e6c2885af0c3db275f669b942b722ac3fc507249

PODFILE CHECKSUM: aafe91acc616949ddb318b77800a7f51bffa2a4c

COCOAPODS: 1.10.1
